
Microsoft Visual Studio Solution File, Format Version 12.00
# Visual Studio Version 16
VisualStudioVersion = 16.0.30907.101
MinimumVisualStudioVersion = 10.0.40219.1
Project("{FAE04EC0-301F-11D3-BF4B-00C04F79EFBC}") = "laser-cat-toy", "laser-cat-toy\laser-cat-toy.csproj", "{C9F301F4-1CC6-4B7A-893E-644C2E8500A8}"
EndProject
Global
	GlobalSection(SolutionConfigurationPlatforms) = preSolution
		Debug|Any CPU = Debug|Any CPU
		Release|Any CPU = Release|Any CPU
	EndGlobalSection
	GlobalSection(ProjectConfigurationPlatforms) = postSolution
		{C9F301F4-1CC6-4B7A-893E-644C2E8500A8}.Debug|Any CPU.ActiveCfg = Debug|Any CPU
		{C9F301F4-1CC6-4B7A-893E-644C2E8500A8}.Debug|Any CPU.Build.0 = Debug|Any CPU
		{C9F301F4-1CC6-4B7A-893E-644C2E8500A8}.Release|Any CPU.ActiveCfg = Release|Any CPU
		{C9F301F4-1CC6-4B7A-893E-644C2E8500A8}.Release|Any CPU.Build.0 = Release|Any CPU
	EndGlobalSection
	GlobalSection(SolutionProperties) = preSolution
		HideSolutionNode = FALSE
	EndGlobalSection
	GlobalSection(ExtensibilityGlobals) = postSolution
		SolutionGuid = {989875FF-C69F-4E43-B7AF-D1CDBA3A43AC}
	EndGlobalSection
EndGlobal
